
Microsoft Visual Studio Solution File, Format Version 12.00
# Visual Studio Version 16
VisualStudioVersion = 16.0.29102.190
MinimumVisualStudioVersion = 10.0.40219.1
Project("{9A19103F-16F7-4668-BE54-9A1E7A4F7556}") = "AspNetcoreTodo", "AspNetcoreTodo.csproj", "{33B60D99-86FD-4AC1-B077-A42E5B155DC0}"
EndProject
Global
	GlobalSection(SolutionConfigurationPlatforms) = preSolution
		Debug|Any CPU = Debug|Any CPU
		Release|Any CPU = Release|Any CPU
	EndGlobalSection
	GlobalSection(ProjectConfigurationPlatforms) = postSolution
		{33B60D99-86FD-4AC1-B077-A42E5B155DC0}.Debug|Any CPU.ActiveCfg = Debug|Any CPU
		{33B60D99-86FD-4AC1-B077-A42E5B155DC0}.Debug|Any CPU.Build.0 = Debug|Any CPU
		{33B60D99-86FD-4AC1-B077-A42E5B155DC0}.Release|Any CPU.ActiveCfg = Release|Any CPU
		{33B60D99-86FD-4AC1-B077-A42E5B155DC0}.Release|Any CPU.Build.0 = Release|Any CPU
	EndGlobalSection
	GlobalSection(SolutionProperties) = preSolution
		HideSolutionNode = FALSE
	EndGlobalSection
	GlobalSection(ExtensibilityGlobals) = postSolution
		SolutionGuid = {6571C70C-D947-4AE5-8A66-2B0CE487C131}
	EndGlobalSection
EndGlobal
